
Microsoft Visual Studio Solution File, Format Version 12.00
# Visual Studio Version 16
VisualStudioVersion = 16.0.29911.84
MinimumVisualStudioVersion = 10.0.40219.1
Project("{FAE04EC0-301F-11D3-BF4B-00C04F79EFBC}") = "Lab01", "Lab01.csproj", "{681DD177-D6E0-47BC-8CD1-C595B5F353FD}"
EndProject
Global
	GlobalSection(SolutionConfigurationPlatforms) = preSolution
		Debug|Any CPU = Debug|Any CPU
		Release|Any CPU = Release|Any CPU
	EndGlobalSection
	GlobalSection(ProjectConfigurationPlatforms) = postSolution
		{681DD177-D6E0-47BC-8CD1-C595B5F353FD}.Debug|Any CPU.ActiveCfg = Debug|Any CPU
		{681DD177-D6E0-47BC-8CD1-C595B5F353FD}.Debug|Any CPU.Build.0 = Debug|Any CPU
		{681DD177-D6E0-47BC-8CD1-C595B5F353FD}.Release|Any CPU.ActiveCfg = Release|Any CPU
		{681DD177-D6E0-47BC-8CD1-C595B5F353FD}.Release|Any CPU.Build.0 = Release|Any CPU
	EndGlobalSection
	GlobalSection(SolutionProperties) = preSolution
		HideSolutionNode = FALSE
	EndGlobalSection
	GlobalSection(ExtensibilityGlobals) = postSolution
		SolutionGuid = {7F4F5552-248B-4AFF-A289-30CA3E53741E}
	EndGlobalSection
EndGlobal
