
Microsoft Visual Studio Solution File, Format Version 12.00
# Visual Studio Version 16
VisualStudioVersion = 16.0.30011.22
MinimumVisualStudioVersion = 10.0.40219.1
Project("{FAE04EC0-301F-11D3-BF4B-00C04F79EFBC}") = "LabGrilla", "LabGrilla\LabGrilla.csproj", "{B775CF98-C1F2-43A4-84D7-77DCE3181185}"
EndProject
Project("{FAE04EC0-301F-11D3-BF4B-00C04F79EFBC}") = "Negocio", "Negocio\Negocio.csproj", "{0850A03B-858A-4FE6-8A0F-CFCBE3C2DCD5}"
EndProject
Global
	GlobalSection(SolutionConfigurationPlatforms) = preSolution
		Debug|Any CPU = Debug|Any CPU
		Release|Any CPU = Release|Any CPU
	EndGlobalSection
	GlobalSection(ProjectConfigurationPlatforms) = postSolution
		{B775CF98-C1F2-43A4-84D7-77DCE3181185}.Debug|Any CPU.ActiveCfg = Debug|Any CPU
		{B775CF98-C1F2-43A4-84D7-77DCE3181185}.Debug|Any CPU.Build.0 = Debug|Any CPU
		{B775CF98-C1F2-43A4-84D7-77DCE3181185}.Release|Any CPU.ActiveCfg = Release|Any CPU
		{B775CF98-C1F2-43A4-84D7-77DCE3181185}.Release|Any CPU.Build.0 = Release|Any CPU
		{0850A03B-858A-4FE6-8A0F-CFCBE3C2DCD5}.Debug|Any CPU.ActiveCfg = Debug|Any CPU
		{0850A03B-858A-4FE6-8A0F-CFCBE3C2DCD5}.Debug|Any CPU.Build.0 = Debug|Any CPU
		{0850A03B-858A-4FE6-8A0F-CFCBE3C2DCD5}.Release|Any CPU.ActiveCfg = Release|Any CPU
		{0850A03B-858A-4FE6-8A0F-CFCBE3C2DCD5}.Release|Any CPU.Build.0 = Release|Any CPU
	EndGlobalSection
	GlobalSection(SolutionProperties) = preSolution
		HideSolutionNode = FALSE
	EndGlobalSection
	GlobalSection(ExtensibilityGlobals) = postSolution
		SolutionGuid = {5379AC67-C736-4B62-A130-2E3E3C170E27}
	EndGlobalSection
EndGlobal
