
Microsoft Visual Studio Solution File, Format Version 12.00
# Visual Studio Version 16
VisualStudioVersion = 16.0.30011.22
MinimumVisualStudioVersion = 10.0.40219.1
Project("{FAE04EC0-301F-11D3-BF4B-00C04F79EFBC}") = "Ejercicio4", "Ejercicio4\Ejercicio4.csproj", "{D6627787-524B-45C5-9D14-88BA5B4E949E}"
EndProject
Project("{FAE04EC0-301F-11D3-BF4B-00C04F79EFBC}") = "Ejercicio5", "Ejercicio5\Ejercicio5.csproj", "{29084B64-7647-4750-ACB9-74B452580D96}"
EndProject
Project("{FAE04EC0-301F-11D3-BF4B-00C04F79EFBC}") = "Ejercicio6", "Ejercicio6\Ejercicio6.csproj", "{BA7750A5-11EA-41FC-9FED-FE90C4FCFA3C}"
EndProject
Project("{FAE04EC0-301F-11D3-BF4B-00C04F79EFBC}") = "Ejercicio3", "Ejercicio3\Ejercicio3.csproj", "{B6B6D4DB-36A6-4BE0-8474-CDB1835A8F60}"
EndProject
Project("{FAE04EC0-301F-11D3-BF4B-00C04F79EFBC}") = "Ejercicio7", "Ejercicio7\Ejercicio7.csproj", "{77C42CAC-AC4E-4423-8023-770BE9BC29FE}"
EndProject
Project("{FAE04EC0-301F-11D3-BF4B-00C04F79EFBC}") = "Ejercicio2", "Ejercicio2\Ejercicio2.csproj", "{359271BB-78C9-49EE-A1AB-BAB171C438F6}"
EndProject
Project("{FAE04EC0-301F-11D3-BF4B-00C04F79EFBC}") = "Ejercicio1", "Ejercicio1\Ejercicio1.csproj", "{3DF6BCA4-98ED-4AA7-9291-8E78CEE5FCA2}"
EndProject
Global
	GlobalSection(SolutionConfigurationPlatforms) = preSolution
		Debug|Any CPU = Debug|Any CPU
		Release|Any CPU = Release|Any CPU
	EndGlobalSection
	GlobalSection(ProjectConfigurationPlatforms) = postSolution
		{D6627787-524B-45C5-9D14-88BA5B4E949E}.Debug|Any CPU.ActiveCfg = Debug|Any CPU
		{D6627787-524B-45C5-9D14-88BA5B4E949E}.Debug|Any CPU.Build.0 = Debug|Any CPU
		{D6627787-524B-45C5-9D14-88BA5B4E949E}.Release|Any CPU.ActiveCfg = Release|Any CPU
		{D6627787-524B-45C5-9D14-88BA5B4E949E}.Release|Any CPU.Build.0 = Release|Any CPU
		{29084B64-7647-4750-ACB9-74B452580D96}.Debug|Any CPU.ActiveCfg = Debug|Any CPU
		{29084B64-7647-4750-ACB9-74B452580D96}.Debug|Any CPU.Build.0 = Debug|Any CPU
		{29084B64-7647-4750-ACB9-74B452580D96}.Release|Any CPU.ActiveCfg = Release|Any CPU
		{29084B64-7647-4750-ACB9-74B452580D96}.Release|Any CPU.Build.0 = Release|Any CPU
		{BA7750A5-11EA-41FC-9FED-FE90C4FCFA3C}.Debug|Any CPU.ActiveCfg = Debug|Any CPU
		{BA7750A5-11EA-41FC-9FED-FE90C4FCFA3C}.Debug|Any CPU.Build.0 = Debug|Any CPU
		{BA7750A5-11EA-41FC-9FED-FE90C4FCFA3C}.Release|Any CPU.ActiveCfg = Release|Any CPU
		{BA7750A5-11EA-41FC-9FED-FE90C4FCFA3C}.Release|Any CPU.Build.0 = Release|Any CPU
		{B6B6D4DB-36A6-4BE0-8474-CDB1835A8F60}.Debug|Any CPU.ActiveCfg = Debug|Any CPU
		{B6B6D4DB-36A6-4BE0-8474-CDB1835A8F60}.Debug|Any CPU.Build.0 = Debug|Any CPU
		{B6B6D4DB-36A6-4BE0-8474-CDB1835A8F60}.Release|Any CPU.ActiveCfg = Release|Any CPU
		{B6B6D4DB-36A6-4BE0-8474-CDB1835A8F60}.Release|Any CPU.Build.0 = Release|Any CPU
		{77C42CAC-AC4E-4423-8023-770BE9BC29FE}.Debug|Any CPU.ActiveCfg = Debug|Any CPU
		{77C42CAC-AC4E-4423-8023-770BE9BC29FE}.Debug|Any CPU.Build.0 = Debug|Any CPU
		{77C42CAC-AC4E-4423-8023-770BE9BC29FE}.Release|Any CPU.ActiveCfg = Release|Any CPU
		{77C42CAC-AC4E-4423-8023-770BE9BC29FE}.Release|Any CPU.Build.0 = Release|Any CPU
		{359271BB-78C9-49EE-A1AB-BAB171C438F6}.Debug|Any CPU.ActiveCfg = Debug|Any CPU
		{359271BB-78C9-49EE-A1AB-BAB171C438F6}.Debug|Any CPU.Build.0 = Debug|Any CPU
		{359271BB-78C9-49EE-A1AB-BAB171C438F6}.Release|Any CPU.ActiveCfg = Release|Any CPU
		{359271BB-78C9-49EE-A1AB-BAB171C438F6}.Release|Any CPU.Build.0 = Release|Any CPU
		{3DF6BCA4-98ED-4AA7-9291-8E78CEE5FCA2}.Debug|Any CPU.ActiveCfg = Debug|Any CPU
		{3DF6BCA4-98ED-4AA7-9291-8E78CEE5FCA2}.Debug|Any CPU.Build.0 = Debug|Any CPU
		{3DF6BCA4-98ED-4AA7-9291-8E78CEE5FCA2}.Release|Any CPU.ActiveCfg = Release|Any CPU
		{3DF6BCA4-98ED-4AA7-9291-8E78CEE5FCA2}.Release|Any CPU.Build.0 = Release|Any CPU
	EndGlobalSection
	GlobalSection(SolutionProperties) = preSolution
		HideSolutionNode = FALSE
	EndGlobalSection
	GlobalSection(ExtensibilityGlobals) = postSolution
		SolutionGuid = {01F52456-FA62-48A9-A711-79DDCCB2A2BB}
	EndGlobalSection
EndGlobal
