
Microsoft Visual Studio Solution File, Format Version 12.00
# Visual Studio Version 16
VisualStudioVersion = 16.0.30002.166
MinimumVisualStudioVersion = 10.0.40219.1
Project("{FAE04EC0-301F-11D3-BF4B-00C04F79EFBC}") = "LabClases2", "LabClases2\LabClases2.csproj", "{752034C7-E03D-4261-9820-4ED868478711}"
EndProject
Project("{FAE04EC0-301F-11D3-BF4B-00C04F79EFBC}") = "Clases", "Clases\Clases.csproj", "{C8688D3F-B407-482C-825F-1D76376D793F}"
EndProject
Global
	GlobalSection(SolutionConfigurationPlatforms) = preSolution
		Debug|Any CPU = Debug|Any CPU
		Release|Any CPU = Release|Any CPU
	EndGlobalSection
	GlobalSection(ProjectConfigurationPlatforms) = postSolution
		{752034C7-E03D-4261-9820-4ED868478711}.Debug|Any CPU.ActiveCfg = Debug|Any CPU
		{752034C7-E03D-4261-9820-4ED868478711}.Debug|Any CPU.Build.0 = Debug|Any CPU
		{752034C7-E03D-4261-9820-4ED868478711}.Release|Any CPU.ActiveCfg = Release|Any CPU
		{752034C7-E03D-4261-9820-4ED868478711}.Release|Any CPU.Build.0 = Release|Any CPU
		{C8688D3F-B407-482C-825F-1D76376D793F}.Debug|Any CPU.ActiveCfg = Debug|Any CPU
		{C8688D3F-B407-482C-825F-1D76376D793F}.Debug|Any CPU.Build.0 = Debug|Any CPU
		{C8688D3F-B407-482C-825F-1D76376D793F}.Release|Any CPU.ActiveCfg = Release|Any CPU
		{C8688D3F-B407-482C-825F-1D76376D793F}.Release|Any CPU.Build.0 = Release|Any CPU
	EndGlobalSection
	GlobalSection(SolutionProperties) = preSolution
		HideSolutionNode = FALSE
	EndGlobalSection
	GlobalSection(ExtensibilityGlobals) = postSolution
		SolutionGuid = {5AE1510A-F91E-4FFC-8168-EC32B38E8C26}
	EndGlobalSection
EndGlobal
