
Microsoft Visual Studio Solution File, Format Version 12.00
# Visual Studio Version 16
VisualStudioVersion = 16.0.30011.22
MinimumVisualStudioVersion = 10.0.40219.1
Project("{FAE04EC0-301F-11D3-BF4B-00C04F79EFBC}") = "Geometria", "Geometria.csproj", "{516E08AB-1D58-4DE5-ADC7-257BA58AE411}"
EndProject
Project("{FAE04EC0-301F-11D3-BF4B-00C04F79EFBC}") = "Consola", "Consola\Consola.csproj", "{473EB2AF-C02C-4569-A960-CBA211CE0A29}"
EndProject
Global
	GlobalSection(SolutionConfigurationPlatforms) = preSolution
		Debug|Any CPU = Debug|Any CPU
		Release|Any CPU = Release|Any CPU
	EndGlobalSection
	GlobalSection(ProjectConfigurationPlatforms) = postSolution
		{516E08AB-1D58-4DE5-ADC7-257BA58AE411}.Debug|Any CPU.ActiveCfg = Debug|Any CPU
		{516E08AB-1D58-4DE5-ADC7-257BA58AE411}.Debug|Any CPU.Build.0 = Debug|Any CPU
		{516E08AB-1D58-4DE5-ADC7-257BA58AE411}.Release|Any CPU.ActiveCfg = Release|Any CPU
		{516E08AB-1D58-4DE5-ADC7-257BA58AE411}.Release|Any CPU.Build.0 = Release|Any CPU
		{473EB2AF-C02C-4569-A960-CBA211CE0A29}.Debug|Any CPU.ActiveCfg = Debug|Any CPU
		{473EB2AF-C02C-4569-A960-CBA211CE0A29}.Debug|Any CPU.Build.0 = Debug|Any CPU
		{473EB2AF-C02C-4569-A960-CBA211CE0A29}.Release|Any CPU.ActiveCfg = Release|Any CPU
		{473EB2AF-C02C-4569-A960-CBA211CE0A29}.Release|Any CPU.Build.0 = Release|Any CPU
	EndGlobalSection
	GlobalSection(SolutionProperties) = preSolution
		HideSolutionNode = FALSE
	EndGlobalSection
	GlobalSection(ExtensibilityGlobals) = postSolution
		SolutionGuid = {46DCC412-ACA9-4FEB-87C9-DA67D63B6AF7}
	EndGlobalSection
EndGlobal
